// !$*UTF8*$!
{
	archiveVersion = 1;
	classes = {
	};
	objectVersion = 50;
	objects = {

/* Begin PBXBuildFile section */
		7671E1F925270318003C5B96 /* AppDelegate.swift in Sources */ = {isa = PBXBuildFile; fileRef = 7671E1F825270318003C5B96 /* AppDelegate.swift */; };
		7671E20025270318003C5B96 /* Main.storyboard in Resources */ = {isa = PBXBuildFile; fileRef = 7671E1FE25270318003C5B96 /* Main.storyboard */; };
		7671E20325270318003C5B96 /* TatvasoftP.xcdatamodeld in Sources */ = {isa = PBXBuildFile; fileRef = 7671E20125270318003C5B96 /* TatvasoftP.xcdatamodeld */; };
		7671E2052527031C003C5B96 /* Assets.xcassets in Resources */ = {isa = PBXBuildFile; fileRef = 7671E2042527031C003C5B96 /* Assets.xcassets */; };
		7671E2082527031C003C5B96 /* LaunchScreen.storyboard in Resources */ = {isa = PBXBuildFile; fileRef = 7671E2062527031C003C5B96 /* LaunchScreen.storyboard */; };
		7671E2182527038D003C5B96 /* ViewModel.swift in Sources */ = {isa = PBXBuildFile; fileRef = 7671E2132527038D003C5B96 /* ViewModel.swift */; };
		7671E2192527038D003C5B96 /* DataModel.swift in Sources */ = {isa = PBXBuildFile; fileRef = 7671E2152527038D003C5B96 /* DataModel.swift */; };
		7671E21A2527038D003C5B96 /* LandingVC.swift in Sources */ = {isa = PBXBuildFile; fileRef = 7671E2172527038D003C5B96 /* LandingVC.swift */; };
		7671E224252703AE003C5B96 /* AppRefereshTableView.swift in Sources */ = {isa = PBXBuildFile; fileRef = 7671E21C252703AE003C5B96 /* AppRefereshTableView.swift */; };
		7671E225252703AE003C5B96 /* CoreDataManager.swift in Sources */ = {isa = PBXBuildFile; fileRef = 7671E21E252703AE003C5B96 /* CoreDataManager.swift */; };
		7671E228252703AE003C5B96 /* Utility+Extention.swift in Sources */ = {isa = PBXBuildFile; fileRef = 7671E223252703AE003C5B96 /* Utility+Extention.swift */; };
/* End PBXBuildFile section */

/* Begin PBXFileReference section */
		7671E1F525270318003C5B96 /* TatvasoftP.app */ = {isa = PBXFileReference; explicitFileType = wrapper.application; includeInIndex = 0; path = TatvasoftP.app; sourceTree = BUILT_PRODUCTS_DIR; };
		7671E1F825270318003C5B96 /* AppDelegate.swift */ = {isa = PBXFileReference; lastKnownFileType = sourcecode.swift; path = AppDelegate.swift; sourceTree = "<group>"; };
		7671E1FF25270318003C5B96 /* Base */ = {isa = PBXFileReference; lastKnownFileType = file.storyboard; name = Base; path = Base.lproj/Main.storyboard; sourceTree = "<group>"; };
		7671E20225270318003C5B96 /* TatvasoftP.xcdatamodel */ = {isa = PBXFileReference; lastKnownFileType = wrapper.xcdatamodel; path = TatvasoftP.xcdatamodel; sourceTree = "<group>"; };
		7671E2042527031C003C5B96 /* Assets.xcassets */ = {isa = PBXFileReference; lastKnownFileType = folder.assetcatalog; path = Assets.xcassets; sourceTree = "<group>"; };
		7671E2072527031C003C5B96 /* Base */ = {isa = PBXFileReference; lastKnownFileType = file.storyboard; name = Base; path = Base.lproj/LaunchScreen.storyboard; sourceTree = "<group>"; };
		7671E2092527031C003C5B96 /* Info.plist */ = {isa = PBXFileReference; lastKnownFileType = text.plist.xml; path = Info.plist; sourceTree = "<group>"; };
		7671E2132527038D003C5B96 /* ViewModel.swift */ = {isa = PBXFileReference; fileEncoding = 4; lastKnownFileType = sourcecode.swift; path = ViewModel.swift; sourceTree = "<group>"; };
		7671E2152527038D003C5B96 /* DataModel.swift */ = {isa = PBXFileReference; fileEncoding = 4; lastKnownFileType = sourcecode.swift; path = DataModel.swift; sourceTree = "<group>"; };
		7671E2172527038D003C5B96 /* LandingVC.swift */ = {isa = PBXFileReference; fileEncoding = 4; lastKnownFileType = sourcecode.swift; path = LandingVC.swift; sourceTree = "<group>"; };
		7671E21C252703AE003C5B96 /* AppRefereshTableView.swift */ = {isa = PBXFileReference; fileEncoding = 4; lastKnownFileType = sourcecode.swift; path = AppRefereshTableView.swift; sourceTree = "<group>"; };
		7671E21E252703AE003C5B96 /* CoreDataManager.swift */ = {isa = PBXFileReference; fileEncoding = 4; lastKnownFileType = sourcecode.swift; path = CoreDataManager.swift; sourceTree = "<group>"; };
		7671E223252703AE003C5B96 /* Utility+Extention.swift */ = {isa = PBXFileReference; fileEncoding = 4; lastKnownFileType = sourcecode.swift; path = "Utility+Extention.swift"; sourceTree = "<group>"; };
/* End PBXFileReference section */

/* Begin PBXFrameworksBuildPhase section */
		7671E1F225270318003C5B96 /* Frameworks */ = {
			isa = PBXFrameworksBuildPhase;
			buildActionMask = 2147483647;
			files = (
			);
			runOnlyForDeploymentPostprocessing = 0;
		};
/* End PBXFrameworksBuildPhase section */

/* Begin PBXGroup section */
		7671E1EC25270318003C5B96 = {
			isa = PBXGroup;
			children = (
				7671E1F725270318003C5B96 /* TatvasoftP */,
				7671E1F625270318003C5B96 /* Products */,
			);
			sourceTree = "<group>";
		};
		7671E1F625270318003C5B96 /* Products */ = {
			isa = PBXGroup;
			children = (
				7671E1F525270318003C5B96 /* TatvasoftP.app */,
			);
			name = Products;
			sourceTree = "<group>";
		};
		7671E1F725270318003C5B96 /* TatvasoftP */ = {
			isa = PBXGroup;
			children = (
				76A5CDB9252B0B0B00A6DAA6 /* ThiredParty */,
				7671E21025270342003C5B96 /* Config */,
				7671E20F25270331003C5B96 /* Storyboard */,
				7671E2112527038D003C5B96 /* ViewController */,
				7671E21B252703AE003C5B96 /* Utilities */,
				7671E2042527031C003C5B96 /* Assets.xcassets */,
			);
			path = TatvasoftP;
			sourceTree = "<group>";
		};
		7671E20F25270331003C5B96 /* Storyboard */ = {
			isa = PBXGroup;
			children = (
				7671E1FE25270318003C5B96 /* Main.storyboard */,
				7671E2062527031C003C5B96 /* LaunchScreen.storyboard */,
			);
			path = Storyboard;
			sourceTree = "<group>";
		};
		7671E21025270342003C5B96 /* Config */ = {
			isa = PBXGroup;
			children = (
				7671E1F825270318003C5B96 /* AppDelegate.swift */,
				7671E2092527031C003C5B96 /* Info.plist */,
			);
			path = Config;
			sourceTree = "<group>";
		};
		7671E2112527038D003C5B96 /* ViewController */ = {
			isa = PBXGroup;
			children = (
				7671E2122527038D003C5B96 /* ViewModel */,
				7671E2142527038D003C5B96 /* Model */,
				7671E2162527038D003C5B96 /* View */,
			);
			path = ViewController;
			sourceTree = "<group>";
		};
		7671E2122527038D003C5B96 /* ViewModel */ = {
			isa = PBXGroup;
			children = (
				7671E2132527038D003C5B96 /* ViewModel.swift */,
			);
			path = ViewModel;
			sourceTree = "<group>";
		};
		7671E2142527038D003C5B96 /* Model */ = {
			isa = PBXGroup;
			children = (
				7671E2152527038D003C5B96 /* DataModel.swift */,
			);
			path = Model;
			sourceTree = "<group>";
		};
		7671E2162527038D003C5B96 /* View */ = {
			isa = PBXGroup;
			children = (
				7671E2172527038D003C5B96 /* LandingVC.swift */,
			);
			path = View;
			sourceTree = "<group>";
		};
		7671E21B252703AE003C5B96 /* Utilities */ = {
			isa = PBXGroup;
			children = (
				7671E21C252703AE003C5B96 /* AppRefereshTableView.swift */,
				7671E21D252703AE003C5B96 /* CoreData */,
				7671E223252703AE003C5B96 /* Utility+Extention.swift */,
			);
			path = Utilities;
			sourceTree = "<group>";
		};
		7671E21D252703AE003C5B96 /* CoreData */ = {
			isa = PBXGroup;
			children = (
				7671E21E252703AE003C5B96 /* CoreDataManager.swift */,
				7671E20125270318003C5B96 /* TatvasoftP.xcdatamodeld */,
			);
			path = CoreData;
			sourceTree = "<group>";
		};
		76A5CDB9252B0B0B00A6DAA6 /* ThiredParty */ = {
			isa = PBXGroup;
			children = (
			);
			path = ThiredParty;
			sourceTree = "<group>";
		};
/* End PBXGroup section */

/* Begin PBXNativeTarget section */
		7671E1F425270318003C5B96 /* TatvasoftP */ = {
			isa = PBXNativeTarget;
			buildConfigurationList = 7671E20C2527031C003C5B96 /* Build configuration list for PBXNativeTarget "TatvasoftP" */;
			buildPhases = (
				7671E1F125270318003C5B96 /* Sources */,
				7671E1F225270318003C5B96 /* Frameworks */,
				7671E1F325270318003C5B96 /* Resources */,
			);
			buildRules = (
			);
			dependencies = (
			);
			name = TatvasoftP;
			productName = TatvasoftP;
			productReference = 7671E1F525270318003C5B96 /* TatvasoftP.app */;
			productType = "com.apple.product-type.application";
		};
/* End PBXNativeTarget section */

/* Begin PBXProject section */
		7671E1ED25270318003C5B96 /* Project object */ = {
			isa = PBXProject;
			attributes = {
				LastSwiftUpdateCheck = 1130;
				LastUpgradeCheck = 1130;
				ORGANIZATIONNAME = "Jaydip's Macbook";
				TargetAttributes = {
					7671E1F425270318003C5B96 = {
						CreatedOnToolsVersion = 11.3.1;
					};
				};
			};
			buildConfigurationList = 7671E1F025270318003C5B96 /* Build configuration list for PBXProject "TatvasoftP" */;
			compatibilityVersion = "Xcode 9.3";
			developmentRegion = en;
			hasScannedForEncodings = 0;
			knownRegions = (
				en,
				Base,
			);
			mainGroup = 7671E1EC25270318003C5B96;
			productRefGroup = 7671E1F625270318003C5B96 /* Products */;
			projectDirPath = "";
			projectRoot = "";
			targets = (
				7671E1F425270318003C5B96 /* TatvasoftP */,
			);
		};
/* End PBXProject section */

/* Begin PBXResourcesBuildPhase section */
		7671E1F325270318003C5B96 /* Resources */ = {
			isa = PBXResourcesBuildPhase;
			buildActionMask = 2147483647;
			files = (
				7671E2082527031C003C5B96 /* LaunchScreen.storyboard in Resources */,
				7671E2052527031C003C5B96 /* Assets.xcassets in Resources */,
				7671E20025270318003C5B96 /* Main.storyboard in Resources */,
			);
			runOnlyForDeploymentPostprocessing = 0;
		};
/* End PBXResourcesBuildPhase section */

/* Begin PBXSourcesBuildPhase section */
		7671E1F125270318003C5B96 /* Sources */ = {
			isa = PBXSourcesBuildPhase;
			buildActionMask = 2147483647;
			files = (
				7671E1F925270318003C5B96 /* AppDelegate.swift in Sources */,
				7671E21A2527038D003C5B96 /* LandingVC.swift in Sources */,
				7671E2192527038D003C5B96 /* DataModel.swift in Sources */,
				7671E2182527038D003C5B96 /* ViewModel.swift in Sources */,
				7671E20325270318003C5B96 /* TatvasoftP.xcdatamodeld in Sources */,
				7671E225252703AE003C5B96 /* CoreDataManager.swift in Sources */,
				7671E228252703AE003C5B96 /* Utility+Extention.swift in Sources */,
				7671E224252703AE003C5B96 /* AppRefereshTableView.swift in Sources */,
			);
			runOnlyForDeploymentPostprocessing = 0;
		};
/* End PBXSourcesBuildPhase section */

/* Begin PBXVariantGroup section */
		7671E1FE25270318003C5B96 /* Main.storyboard */ = {
			isa = PBXVariantGroup;
			children = (
				7671E1FF25270318003C5B96 /* Base */,
			);
			name = Main.storyboard;
			sourceTree = "<group>";
		};
		7671E2062527031C003C5B96 /* LaunchScreen.storyboard */ = {
			isa = PBXVariantGroup;
			children = (
				7671E2072527031C003C5B96 /* Base */,
			);
			name = LaunchScreen.storyboard;
			sourceTree = "<group>";
		};
/* End PBXVariantGroup section */

/* Begin XCBuildConfiguration section */
		7671E20A2527031C003C5B96 /* Debug */ = {
			isa = XCBuildConfiguration;
			buildSettings = {
				ALWAYS_SEARCH_USER_PATHS = NO;
				CLANG_ANALYZER_NONNULL = YES;
				CLANG_ANALYZER_NUMBER_OBJECT_CONVERSION = YES_AGGRESSIVE;
				CLANG_CXX_LANGUAGE_STANDARD = "gnu++14";
				CLANG_CXX_LIBRARY = "libc++";
				CLANG_ENABLE_MODULES = YES;
				CLANG_ENABLE_OBJC_ARC = YES;
				CLANG_ENABLE_OBJC_WEAK = YES;
				CLANG_WARN_BLOCK_CAPTURE_AUTORELEASING = YES;
				CLANG_WARN_BOOL_CONVERSION = YES;
				CLANG_WARN_COMMA = YES;
				CLANG_WARN_CONSTANT_CONVERSION = YES;
				CLANG_WARN_DEPRECATED_OBJC_IMPLEMENTATIONS = YES;
				CLANG_WARN_DIRECT_OBJC_ISA_USAGE = YES_ERROR;
				CLANG_WARN_DOCUMENTATION_COMMENTS = YES;
				CLANG_WARN_EMPTY_BODY = YES;
				CLANG_WARN_ENUM_CONVERSION = YES;
				CLANG_WARN_INFINITE_RECURSION = YES;
				CLANG_WARN_INT_CONVERSION = YES;
				CLANG_WARN_NON_LITERAL_NULL_CONVERSION = YES;
				CLANG_WARN_OBJC_IMPLICIT_RETAIN_SELF = YES;
				CLANG_WARN_OBJC_LITERAL_CONVERSION = YES;
				CLANG_WARN_OBJC_ROOT_CLASS = YES_ERROR;
				CLANG_WARN_RANGE_LOOP_ANALYSIS = YES;
				CLANG_WARN_STRICT_PROTOTYPES = YES;
				CLANG_WARN_SUSPICIOUS_MOVE = YES;
				CLANG_WARN_UNGUARDED_AVAILABILITY = YES_AGGRESSIVE;
				CLANG_WARN_UNREACHABLE_CODE = YES;
				CLANG_WARN__DUPLICATE_METHOD_MATCH = YES;
				COPY_PHASE_STRIP = NO;
				DEBUG_INFORMATION_FORMAT = dwarf;
				ENABLE_STRICT_OBJC_MSGSEND = YES;
				ENABLE_TESTABILITY = YES;
				GCC_C_LANGUAGE_STANDARD = gnu11;
				GCC_DYNAMIC_NO_PIC = NO;
				GCC_NO_COMMON_BLOCKS = YES;
				GCC_OPTIMIZATION_LEVEL = 0;
				GCC_PREPROCESSOR_DEFINITIONS = (
					"DEBUG=1",
					"$(inherited)",
				);
				GCC_WARN_64_TO_32_BIT_CONVERSION = YES;
				GCC_WARN_ABOUT_RETURN_TYPE = YES_ERROR;
				GCC_WARN_UNDECLARED_SELECTOR = YES;
				GCC_WARN_UNINITIALIZED_AUTOS = YES_AGGRESSIVE;
				GCC_WARN_UNUSED_FUNCTION = YES;
				GCC_WARN_UNUSED_VARIABLE = YES;
				IPHONEOS_DEPLOYMENT_TARGET = 13.2;
				MTL_ENABLE_DEBUG_INFO = INCLUDE_SOURCE;
				MTL_FAST_MATH = YES;
				ONLY_ACTIVE_ARCH = YES;
				SDKROOT = iphoneos;
				SWIFT_ACTIVE_COMPILATION_CONDITIONS = DEBUG;
				SWIFT_OPTIMIZATION_LEVEL = "-Onone";
			};
			name = Debug;
		};
		7671E20B2527031C003C5B96 /* Release */ = {
			isa = XCBuildConfiguration;
			buildSettings = {
				ALWAYS_SEARCH_USER_PATHS = NO;
				CLANG_ANALYZER_NONNULL = YES;
				CLANG_ANALYZER_NUMBER_OBJECT_CONVERSION = YES_AGGRESSIVE;
				CLANG_CXX_LANGUAGE_STANDARD = "gnu++14";
				CLANG_CXX_LIBRARY = "libc++";
				CLANG_ENABLE_MODULES = YES;
				CLANG_ENABLE_OBJC_ARC = YES;
				CLANG_ENABLE_OBJC_WEAK = YES;
				CLANG_WARN_BLOCK_CAPTURE_AUTORELEASING = YES;
				CLANG_WARN_BOOL_CONVERSION = YES;
				CLANG_WARN_COMMA = YES;
				CLANG_WARN_CONSTANT_CONVERSION = YES;
				CLANG_WARN_DEPRECATED_OBJC_IMPLEMENTATIONS = YES;
				CLANG_WARN_DIRECT_OBJC_ISA_USAGE = YES_ERROR;
				CLANG_WARN_DOCUMENTATION_COMMENTS = YES;
				CLANG_WARN_EMPTY_BODY = YES;
				CLANG_WARN_ENUM_CONVERSION = YES;
				CLANG_WARN_INFINITE_RECURSION = YES;
				CLANG_WARN_INT_CONVERSION = YES;
				CLANG_WARN_NON_LITERAL_NULL_CONVERSION = YES;
				CLANG_WARN_OBJC_IMPLICIT_RETAIN_SELF = YES;
				CLANG_WARN_OBJC_LITERAL_CONVERSION = YES;
				CLANG_WARN_OBJC_ROOT_CLASS = YES_ERROR;
				CLANG_WARN_RANGE_LOOP_ANALYSIS = YES;
				CLANG_WARN_STRICT_PROTOTYPES = YES;
				CLANG_WARN_SUSPICIOUS_MOVE = YES;
				CLANG_WARN_UNGUARDED_AVAILABILITY = YES_AGGRESSIVE;
				CLANG_WARN_UNREACHABLE_CODE = YES;
				CLANG_WARN__DUPLICATE_METHOD_MATCH = YES;
				COPY_PHASE_STRIP = NO;
				DEBUG_INFORMATION_FORMAT = "dwarf-with-dsym";
				ENABLE_NS_ASSERTIONS = NO;
				ENABLE_STRICT_OBJC_MSGSEND = YES;
				GCC_C_LANGUAGE_STANDARD = gnu11;
				GCC_NO_COMMON_BLOCKS = YES;
				GCC_WARN_64_TO_32_BIT_CONVERSION = YES;
				GCC_WARN_ABOUT_RETURN_TYPE = YES_ERROR;
				GCC_WARN_UNDECLARED_SELECTOR = YES;
				GCC_WARN_UNINITIALIZED_AUTOS = YES_AGGRESSIVE;
				GCC_WARN_UNUSED_FUNCTION = YES;
				GCC_WARN_UNUSED_VARIABLE = YES;
				IPHONEOS_DEPLOYMENT_TARGET = 13.2;
				MTL_ENABLE_DEBUG_INFO = NO;
				MTL_FAST_MATH = YES;
				SDKROOT = iphoneos;
				SWIFT_COMPILATION_MODE = wholemodule;
				SWIFT_OPTIMIZATION_LEVEL = "-O";
				VALIDATE_PRODUCT = YES;
			};
			name = Release;
		};
		7671E20D2527031C003C5B96 /* Debug */ = {
			isa = XCBuildConfiguration;
			buildSettings = {
				ASSETCATALOG_COMPILER_APPICON_NAME = AppIcon;
				CODE_SIGN_STYLE = Automatic;
				INFOPLIST_FILE = TatvasoftP/Config/Info.plist;
				LD_RUNPATH_SEARCH_PATHS = (
					"$(inherited)",
					"@executable_path/Frameworks",
				);
				PRODUCT_BUNDLE_IDENTIFIER = com.tatvasoft.app.TatvasoftP;
				PRODUCT_NAME = "$(TARGET_NAME)";
				SWIFT_VERSION = 5.0;
				TARGETED_DEVICE_FAMILY = "1,2";
			};
			name = Debug;
		};
		7671E20E2527031C003C5B96 /* Release */ = {
			isa = XCBuildConfiguration;
			buildSettings = {
				ASSETCATALOG_COMPILER_APPICON_NAME = AppIcon;
				CODE_SIGN_STYLE = Automatic;
				INFOPLIST_FILE = TatvasoftP/Config/Info.plist;
				LD_RUNPATH_SEARCH_PATHS = (
					"$(inherited)",
					"@executable_path/Frameworks",
				);
				PRODUCT_BUNDLE_IDENTIFIER = com.tatvasoft.app.TatvasoftP;
				PRODUCT_NAME = "$(TARGET_NAME)";
				SWIFT_VERSION = 5.0;
				TARGETED_DEVICE_FAMILY = "1,2";
			};
			name = Release;
		};
/* End XCBuildConfiguration section */

/* Begin XCConfigurationList section */
		7671E1F025270318003C5B96 /* Build configuration list for PBXProject "TatvasoftP" */ = {
			isa = XCConfigurationList;
			buildConfigurations = (
				7671E20A2527031C003C5B96 /* Debug */,
				7671E20B2527031C003C5B96 /* Release */,
			);
			defaultConfigurationIsVisible = 0;
			defaultConfigurationName = Release;
		};
		7671E20C2527031C003C5B96 /* Build configuration list for PBXNativeTarget "TatvasoftP" */ = {
			isa = XCConfigurationList;
			buildConfigurations = (
				7671E20D2527031C003C5B96 /* Debug */,
				7671E20E2527031C003C5B96 /* Release */,
			);
			defaultConfigurationIsVisible = 0;
			defaultConfigurationName = Release;
		};
/* End XCConfigurationList section */

/* Begin XCVersionGroup section */
		7671E20125270318003C5B96 /* TatvasoftP.xcdatamodeld */ = {
			isa = XCVersionGroup;
			children = (
				7671E20225270318003C5B96 /* TatvasoftP.xcdatamodel */,
			);
			currentVersion = 7671E20225270318003C5B96 /* TatvasoftP.xcdatamodel */;
			path = TatvasoftP.xcdatamodeld;
			sourceTree = "<group>";
			versionGroupType = wrapper.xcdatamodel;
		};
/* End XCVersionGroup section */
	};
	rootObject = 7671E1ED25270318003C5B96 /* Project object */;
}
